
Microsoft Visual Studio Solution File, Format Version 12.00
# Visual Studio 15
VisualStudioVersion = 15.0.28307.329
MinimumVisualStudioVersion = 15.0.28307.329
Project("{FAE04EC0-301F-11D3-BF4B-00C04F79EFBC}") = "InfoBloxHelper", "InfoBloxHelper\InfoBloxHelper.csproj", "{3947F84C-CE15-44A9-A536-21CEAFDECEDA}"
EndProject
Project("{FAE04EC0-301F-11D3-BF4B-00C04F79EFBC}") = "Library.Test", "Library.Test\Library.Test.csproj", "{F70E3932-4F46-42E4-AC62-4CF929C5CE6A}"
EndProject
Global
	GlobalSection(SolutionConfigurationPlatforms) = preSolution
		Debug|Any CPU = Debug|Any CPU
		Release|Any CPU = Release|Any CPU
	EndGlobalSection
	GlobalSection(ProjectConfigurationPlatforms) = postSolution
		{E353E509-E2F3-4BD7-8600-2E39B5EF6C4D}.Debug|Any CPU.ActiveCfg = Debug|Any CPU
		{E353E509-E2F3-4BD7-8600-2E39B5EF6C4D}.Debug|Any CPU.Build.0 = Debug|Any CPU
		{E353E509-E2F3-4BD7-8600-2E39B5EF6C4D}.Release|Any CPU.ActiveCfg = Release|Any CPU
		{E353E509-E2F3-4BD7-8600-2E39B5EF6C4D}.Release|Any CPU.Build.0 = Release|Any CPU
		{901792C7-8835-46E2-9124-F6F5457366A0}.Debug|Any CPU.ActiveCfg = Debug|Any CPU
		{901792C7-8835-46E2-9124-F6F5457366A0}.Debug|Any CPU.Build.0 = Debug|Any CPU
		{901792C7-8835-46E2-9124-F6F5457366A0}.Release|Any CPU.ActiveCfg = Release|Any CPU
		{901792C7-8835-46E2-9124-F6F5457366A0}.Release|Any CPU.Build.0 = Release|Any CPU
		{3947F84C-CE15-44A9-A536-21CEAFDECEDA}.Debug|Any CPU.ActiveCfg = Debug|Any CPU
		{3947F84C-CE15-44A9-A536-21CEAFDECEDA}.Debug|Any CPU.Build.0 = Debug|Any CPU
		{3947F84C-CE15-44A9-A536-21CEAFDECEDA}.Release|Any CPU.ActiveCfg = Release|Any CPU
		{3947F84C-CE15-44A9-A536-21CEAFDECEDA}.Release|Any CPU.Build.0 = Release|Any CPU
		{F70E3932-4F46-42E4-AC62-4CF929C5CE6A}.Debug|Any CPU.ActiveCfg = Debug|Any CPU
		{F70E3932-4F46-42E4-AC62-4CF929C5CE6A}.Debug|Any CPU.Build.0 = Debug|Any CPU
		{F70E3932-4F46-42E4-AC62-4CF929C5CE6A}.Release|Any CPU.ActiveCfg = Release|Any CPU
		{F70E3932-4F46-42E4-AC62-4CF929C5CE6A}.Release|Any CPU.Build.0 = Release|Any CPU
	EndGlobalSection
	GlobalSection(SolutionProperties) = preSolution
		HideSolutionNode = FALSE
	EndGlobalSection
	GlobalSection(ExtensibilityGlobals) = postSolution
		SolutionGuid = {3BE74491-D06B-4F2D-B35C-F04FB57D6552}
	EndGlobalSection
EndGlobal
